
Microsoft Visual Studio Solution File, Format Version 12.00
# Visual Studio Version 17
VisualStudioVersion = 17.12.35527.113
MinimumVisualStudioVersion = 10.0.40219.1
Project("{FAE04EC0-301F-11D3-BF4B-00C04F79EFBC}") = "Library.Api", "Library.Api\Library.Api.csproj", "{3AB9FABD-9285-402B-AB9B-6334399EB514}"
EndProject
Project("{FAE04EC0-301F-11D3-BF4B-00C04F79EFBC}") = "Library.Core", "Library.Core\Library.Core.csproj", "{8EFA7E1E-91E8-4D0C-AD81-A60BFE18F923}"
EndProject
Project("{FAE04EC0-301F-11D3-BF4B-00C04F79EFBC}") = "Library.Application", "Library.Application\Library.Application.csproj", "{2FF99735-9F66-4688-BEBB-CFC13E2D55ED}"
EndProject
Project("{FAE04EC0-301F-11D3-BF4B-00C04F79EFBC}") = "Library.Infrastructure", "Library.Infrastructure\Library.Infrastructure.csproj", "{970D4EBD-F319-4967-A1BB-E68838B2EFBE}"
EndProject
Project("{FAE04EC0-301F-11D3-BF4B-00C04F79EFBC}") = "Library.Test", "Library.Test\Library.Test.csproj", "{0F35E893-38E0-4B48-94F6-64FB5498729A}"
EndProject
Global
	GlobalSection(SolutionConfigurationPlatforms) = preSolution
		Debug|Any CPU = Debug|Any CPU
		Release|Any CPU = Release|Any CPU
	EndGlobalSection
	GlobalSection(ProjectConfigurationPlatforms) = postSolution
		{3AB9FABD-9285-402B-AB9B-6334399EB514}.Debug|Any CPU.ActiveCfg = Debug|Any CPU
		{3AB9FABD-9285-402B-AB9B-6334399EB514}.Debug|Any CPU.Build.0 = Debug|Any CPU
		{3AB9FABD-9285-402B-AB9B-6334399EB514}.Release|Any CPU.ActiveCfg = Release|Any CPU
		{3AB9FABD-9285-402B-AB9B-6334399EB514}.Release|Any CPU.Build.0 = Release|Any CPU
		{8EFA7E1E-91E8-4D0C-AD81-A60BFE18F923}.Debug|Any CPU.ActiveCfg = Debug|Any CPU
		{8EFA7E1E-91E8-4D0C-AD81-A60BFE18F923}.Debug|Any CPU.Build.0 = Debug|Any CPU
		{8EFA7E1E-91E8-4D0C-AD81-A60BFE18F923}.Release|Any CPU.ActiveCfg = Release|Any CPU
		{8EFA7E1E-91E8-4D0C-AD81-A60BFE18F923}.Release|Any CPU.Build.0 = Release|Any CPU
		{2FF99735-9F66-4688-BEBB-CFC13E2D55ED}.Debug|Any CPU.ActiveCfg = Debug|Any CPU
		{2FF99735-9F66-4688-BEBB-CFC13E2D55ED}.Debug|Any CPU.Build.0 = Debug|Any CPU
		{2FF99735-9F66-4688-BEBB-CFC13E2D55ED}.Release|Any CPU.ActiveCfg = Release|Any CPU
		{2FF99735-9F66-4688-BEBB-CFC13E2D55ED}.Release|Any CPU.Build.0 = Release|Any CPU
		{970D4EBD-F319-4967-A1BB-E68838B2EFBE}.Debug|Any CPU.ActiveCfg = Debug|Any CPU
		{970D4EBD-F319-4967-A1BB-E68838B2EFBE}.Debug|Any CPU.Build.0 = Debug|Any CPU
		{970D4EBD-F319-4967-A1BB-E68838B2EFBE}.Release|Any CPU.ActiveCfg = Release|Any CPU
		{970D4EBD-F319-4967-A1BB-E68838B2EFBE}.Release|Any CPU.Build.0 = Release|Any CPU
		{0F35E893-38E0-4B48-94F6-64FB5498729A}.Debug|Any CPU.ActiveCfg = Debug|Any CPU
		{0F35E893-38E0-4B48-94F6-64FB5498729A}.Debug|Any CPU.Build.0 = Debug|Any CPU
		{0F35E893-38E0-4B48-94F6-64FB5498729A}.Release|Any CPU.ActiveCfg = Release|Any CPU
		{0F35E893-38E0-4B48-94F6-64FB5498729A}.Release|Any CPU.Build.0 = Release|Any CPU
	EndGlobalSection
	GlobalSection(SolutionProperties) = preSolution
		HideSolutionNode = FALSE
	EndGlobalSection
EndGlobal
